
Microsoft Visual Studio Solution File, Format Version 12.00
# Visual Studio Version 16
VisualStudioVersion = 16.0.32802.440
MinimumVisualStudioVersion = 10.0.40219.1
Project("{FAE04EC0-301F-11D3-BF4B-00C04F79EFBC}") = "Calculator", "Calculator\Calculator.csproj", "{01B09FDB-F7CD-4E98-9EB9-9C7B64FB78D3}"
EndProject
Project("{FAE04EC0-301F-11D3-BF4B-00C04F79EFBC}") = "AnalizerClass", "AnalizerClass\AnalizerClass.csproj", "{1832221C-D1C7-4093-91DE-351D53DDD30B}"
EndProject
Project("{FAE04EC0-301F-11D3-BF4B-00C04F79EFBC}") = "Cacl", "Cacl\Cacl.csproj", "{9F651B7B-EB55-440B-8892-5F28CA237637}"
EndProject
Project("{FAE04EC0-301F-11D3-BF4B-00C04F79EFBC}") = "CaclTest", "CaclTest\CaclTest.csproj", "{78EA04C8-6A88-4304-B906-87D81D3CCD14}"
EndProject
Project("{FAE04EC0-301F-11D3-BF4B-00C04F79EFBC}") = "AnalizerTest", "AnalizerTest\AnalizerTest.csproj", "{A6B12C9E-AFC6-473A-B426-1C7AFEBA4C8C}"
EndProject
Global
	GlobalSection(SolutionConfigurationPlatforms) = preSolution
		Debug|Any CPU = Debug|Any CPU
		Release|Any CPU = Release|Any CPU
	EndGlobalSection
	GlobalSection(ProjectConfigurationPlatforms) = postSolution
		{01B09FDB-F7CD-4E98-9EB9-9C7B64FB78D3}.Debug|Any CPU.ActiveCfg = Debug|Any CPU
		{01B09FDB-F7CD-4E98-9EB9-9C7B64FB78D3}.Debug|Any CPU.Build.0 = Debug|Any CPU
		{01B09FDB-F7CD-4E98-9EB9-9C7B64FB78D3}.Release|Any CPU.ActiveCfg = Release|Any CPU
		{01B09FDB-F7CD-4E98-9EB9-9C7B64FB78D3}.Release|Any CPU.Build.0 = Release|Any CPU
		{1832221C-D1C7-4093-91DE-351D53DDD30B}.Debug|Any CPU.ActiveCfg = Debug|Any CPU
		{1832221C-D1C7-4093-91DE-351D53DDD30B}.Debug|Any CPU.Build.0 = Debug|Any CPU
		{1832221C-D1C7-4093-91DE-351D53DDD30B}.Release|Any CPU.ActiveCfg = Release|Any CPU
		{1832221C-D1C7-4093-91DE-351D53DDD30B}.Release|Any CPU.Build.0 = Release|Any CPU
		{9F651B7B-EB55-440B-8892-5F28CA237637}.Debug|Any CPU.ActiveCfg = Debug|Any CPU
		{9F651B7B-EB55-440B-8892-5F28CA237637}.Debug|Any CPU.Build.0 = Debug|Any CPU
		{9F651B7B-EB55-440B-8892-5F28CA237637}.Release|Any CPU.ActiveCfg = Release|Any CPU
		{9F651B7B-EB55-440B-8892-5F28CA237637}.Release|Any CPU.Build.0 = Release|Any CPU
		{78EA04C8-6A88-4304-B906-87D81D3CCD14}.Debug|Any CPU.ActiveCfg = Debug|Any CPU
		{78EA04C8-6A88-4304-B906-87D81D3CCD14}.Debug|Any CPU.Build.0 = Debug|Any CPU
		{78EA04C8-6A88-4304-B906-87D81D3CCD14}.Release|Any CPU.ActiveCfg = Release|Any CPU
		{78EA04C8-6A88-4304-B906-87D81D3CCD14}.Release|Any CPU.Build.0 = Release|Any CPU
		{A6B12C9E-AFC6-473A-B426-1C7AFEBA4C8C}.Debug|Any CPU.ActiveCfg = Debug|Any CPU
		{A6B12C9E-AFC6-473A-B426-1C7AFEBA4C8C}.Debug|Any CPU.Build.0 = Debug|Any CPU
		{A6B12C9E-AFC6-473A-B426-1C7AFEBA4C8C}.Release|Any CPU.ActiveCfg = Release|Any CPU
		{A6B12C9E-AFC6-473A-B426-1C7AFEBA4C8C}.Release|Any CPU.Build.0 = Release|Any CPU
	EndGlobalSection
	GlobalSection(SolutionProperties) = preSolution
		HideSolutionNode = FALSE
	EndGlobalSection
	GlobalSection(ExtensibilityGlobals) = postSolution
		SolutionGuid = {C5661601-A42A-4F62-A984-D22592E2E9D0}
	EndGlobalSection
EndGlobal
